<?xml version="1.0" encoding="utf-8"?>
<Project ToolsVersion="4.0" xmlns="http://schemas.microsoft.com/developer/msbuild/2003">
  <ItemGroup>
    <Filter Include="Source Files">
      <UniqueIdentifier>{4FC737F1-C7A5-4376-A066-2A32D752A2FF}</UniqueIdentifier>
      <Extensions>cpp;c;cc;cxx;c++;cppm;ixx;def;odl;idl;hpj;bat;asm;asmx</Extensions>
    </Filter>
    <Filter Include="Header Files">
      <UniqueIdentifier>{93995380-89BD-4b04-88EB-625FBE52EBFB}</UniqueIdentifier>
      <Extensions>h;hh;hpp;hxx;h++;hm;inl;inc;ipp;xsd</Extensions>
    </Filter>
    <Filter Include="Resource Files">
      <UniqueIdentifier>{67DA6AB6-F800-4c08-8B7A-83BB121AAD01}</UniqueIdentifier>
      <Extensions>rc;ico;cur;bmp;dlg;rc2;rct;bin;rgs;gif;jpg;jpeg;jpe;resx;tiff;tif;png;wav;mfcribbon-ms</Extensions>
    </Filter>
    <Filter Include="Interstellar">
      <UniqueIdentifier>{eaa2a7d6-46c4-43d6-851f-16e91d1565f0}</UniqueIdentifier>
    </Filter>
    <Filter Include="Interstellar\Engine">
      <UniqueIdentifier>{5a7511bc-4d55-48c7-9cca-57d4a93c0037}</UniqueIdentifier>
    </Filter>
    <Filter Include="Interstellar\Graphics">
      <UniqueIdentifier>{51153270-83a2-4db9-8174-4d9f7f8f1207}</UniqueIdentifier>
    </Filter>
    <Filter Include="Interstellar\Graphics\Vulkan">
      <UniqueIdentifier>{5d3a508a-7194-47cf-8e41-06522831e7cf}</UniqueIdentifier>
    </Filter>
    <Filter Include="Interstellar\Graphics\Vulkan\Selectors">
      <UniqueIdentifier>{2c61907e-d686-4b5a-a645-f4c70b145fc1}</UniqueIdentifier>
    </Filter>
  </ItemGroup>
  <ItemGroup>
    <ClCompile Include="pch.cpp">
      <Filter>Source Files</Filter>
    </ClCompile>
    <ClCompile Include="MyClassTest.cpp">
      <Filter>Interstellar\Engine</Filter>
    </ClCompile>
    <ClCompile Include="VulkanLayerSelectorTest.cpp">
      <Filter>Interstellar\Graphics\Vulkan\Selectors</Filter>
    </ClCompile>
  </ItemGroup>
  <ItemGroup>
    <ClInclude Include="pch.h">
      <Filter>Header Files</Filter>
    </ClInclude>
    <ClInclude Include="VulkanSelectorTestHelpers.hpp">
      <Filter>Header Files</Filter>
    </ClInclude>
  </ItemGroup>
</Project>