<?xml version="1.0" encoding="utf-8"?>
<Project ToolsVersion="4.0" xmlns="http://schemas.microsoft.com/developer/msbuild/2003">
  <ItemGroup>
    <Filter Include="Source Files">
      <UniqueIdentifier>{4FC737F1-C7A5-4376-A066-2A32D752A2FF}</UniqueIdentifier>
      <Extensions>cpp;c;cc;cxx;c++;cppm;ixx;def;odl;idl;hpj;bat;asm;asmx</Extensions>
    </Filter>
    <Filter Include="Header Files">
      <UniqueIdentifier>{93995380-89BD-4b04-88EB-625FBE52EBFB}</UniqueIdentifier>
      <Extensions>h;hh;hpp;hxx;h++;hm;inl;inc;ipp;xsd</Extensions>
    </Filter>
    <Filter Include="Resource Files">
      <UniqueIdentifier>{67DA6AB6-F800-4c08-8B7A-83BB121AAD01}</UniqueIdentifier>
      <Extensions>rc;ico;cur;bmp;dlg;rc2;rct;bin;rgs;gif;jpg;jpeg;jpe;resx;tiff;tif;png;wav;mfcribbon-ms</Extensions>
    </Filter>
    <Filter Include="include">
      <UniqueIdentifier>{90c30e88-94f8-4796-92bd-4dcc538bf0a6}</UniqueIdentifier>
    </Filter>
    <Filter Include="include\Interstellar">
      <UniqueIdentifier>{908d1dc5-3f27-4d8d-ac5c-c3b67472736c}</UniqueIdentifier>
    </Filter>
    <Filter Include="include\Interstellar\Config">
      <UniqueIdentifier>{342cf89c-103a-4a35-aacc-43476b91458e}</UniqueIdentifier>
    </Filter>
    <Filter Include="include\Interstellar\Config\JsonImpl">
      <UniqueIdentifier>{ac2cc0c8-76a8-4bc3-9f71-c177283e8bbb}</UniqueIdentifier>
    </Filter>
    <Filter Include="include\Interstellar\Config\Storage">
      <UniqueIdentifier>{6ec1e116-20c3-4a94-9eb8-e5e63a740594}</UniqueIdentifier>
    </Filter>
    <Filter Include="include\Interstellar\Config\Core">
      <UniqueIdentifier>{6407c098-af56-44c7-8b30-70af900e20a3}</UniqueIdentifier>
    </Filter>
  </ItemGroup>
  <ItemGroup>
    <ClInclude Include="include\Interstellar\Config\JsonImpl\ElementConfig.hpp">
      <Filter>Header Files</Filter>
    </ClInclude>
    <ClInclude Include="include\Interstellar\Config\JsonImpl\ElementDatabase.hpp">
      <Filter>Header Files</Filter>
    </ClInclude>
    <ClInclude Include="include\Interstellar\Config\JsonImpl\PreferencesConfig.hpp">
      <Filter>Header Files</Filter>
    </ClInclude>
    <ClInclude Include="include\Interstellar\Config\JsonImpl\UserInfoConfig.hpp">
      <Filter>Header Files</Filter>
    </ClInclude>
    <ClInclude Include="include\Interstellar\Core\Logging.hpp">
      <Filter>Header Files</Filter>
    </ClInclude>
    <ClInclude Include="include\Interstellar\Core\LogLevel.hpp">
      <Filter>Header Files</Filter>
    </ClInclude>
    <ClInclude Include="include\Interstellar\Core\LogLevelUtils.hpp">
      <Filter>Header Files</Filter>
    </ClInclude>
    <ClInclude Include="include\Interstellar\Data\ElementData.hpp">
      <Filter>Header Files</Filter>
    </ClInclude>
    <ClInclude Include="include\Interstellar\Data\IElementDatabase.hpp">
      <Filter>Header Files</Filter>
    </ClInclude>
    <ClInclude Include="include\Interstellar\Graphics\Core\IGraphics.hpp">
      <Filter>Header Files</Filter>
    </ClInclude>
    <ClInclude Include="include\Interstellar\Graphics\Core\IMesh.hpp">
      <Filter>Header Files</Filter>
    </ClInclude>
    <ClInclude Include="include\Interstellar\Graphics\Core\IRenderPipeline.hpp">
      <Filter>Header Files</Filter>
    </ClInclude>
    <ClInclude Include="include\Interstellar\Graphics\Core\IShader.hpp">
      <Filter>Header Files</Filter>
    </ClInclude>
    <ClInclude Include="include\Interstellar\Graphics\Core\ITexture.hpp">
      <Filter>Header Files</Filter>
    </ClInclude>
    <ClInclude Include="include\Interstellar\Graphics\Vulkan\Selectors\VulkanSelector.hpp">
      <Filter>Header Files</Filter>
    </ClInclude>
    <ClInclude Include="include\Interstellar\Graphics\Vulkan\VulkanInstance.hpp">
      <Filter>Header Files</Filter>
    </ClInclude>
    <ClInclude Include="include\Interstellar\Input\KeyCodeTranslator\IKeyCodeTranslator.hpp">
      <Filter>Header Files</Filter>
    </ClInclude>
    <ClInclude Include="include\Interstellar\Input\IInputManager.hpp">
      <Filter>Header Files</Filter>
    </ClInclude>
    <ClInclude Include="include\Interstellar\Input\IKeyboardManager.hpp">
      <Filter>Header Files</Filter>
    </ClInclude>
    <ClInclude Include="include\Interstellar\Input\IMouseManager.hpp">
      <Filter>Header Files</Filter>
    </ClInclude>
    <ClInclude Include="include\Interstellar\Input\KeyCode.hpp">
      <Filter>Header Files</Filter>
    </ClInclude>
    <ClInclude Include="include\Interstellar\Utils\StringUtils.hpp">
      <Filter>Header Files</Filter>
    </ClInclude>
    <ClInclude Include="include\Interstellar\Config\AppConfig.hpp">
      <Filter>Header Files</Filter>
    </ClInclude>
    <ClInclude Include="include\Interstellar\Config\IConfigStorage.hpp">
      <Filter>Header Files</Filter>
    </ClInclude>
    <ClInclude Include="include\Interstellar\Config\IJsonConfig.hpp">
      <Filter>Header Files</Filter>
    </ClInclude>
    <ClInclude Include="include\Interstellar\Config\JsonConfigBase.hpp">
      <Filter>Header Files</Filter>
    </ClInclude>
    <ClInclude Include="include\Interstellar\Config\JsonManager.hpp">
      <Filter>Header Files</Filter>
    </ClInclude>
    <ClInclude Include="include\Interstellar\Core\AppConfig.hpp">
      <Filter>Header Files</Filter>
    </ClInclude>
    <ClInclude Include="include\Interstellar\Graphics\Vulkan\Context.hpp">
      <Filter>Header Files</Filter>
    </ClInclude>
    <ClInclude Include="src\Interstellar\Graphics\OpenGL\OpenGLGraphics.hpp">
      <Filter>Header Files</Filter>
    </ClInclude>
    <ClInclude Include="src\Interstellar\Graphics\OpenGL\OpenGLMesh.hpp">
      <Filter>Header Files</Filter>
    </ClInclude>
    <ClInclude Include="src\Interstellar\Graphics\OpenGL\OpenGLPipeline.hpp">
      <Filter>Header Files</Filter>
    </ClInclude>
    <ClInclude Include="src\Interstellar\Graphics\OpenGL\OpenGLShader.hpp">
      <Filter>Header Files</Filter>
    </ClInclude>
    <ClInclude Include="src\Interstellar\Graphics\OpenGL\OpenGLTexture.hpp">
      <Filter>Header Files</Filter>
    </ClInclude>
    <ClInclude Include="src\Interstellar\Graphics\OpenGL\stb\stb_image.hpp">
      <Filter>Header Files</Filter>
    </ClInclude>
    <ClInclude Include="src\Interstellar\Input\Keyboard\KeyboardManager.hpp">
      <Filter>Header Files</Filter>
    </ClInclude>
    <ClInclude Include="src\Interstellar\Input\KeyCodeTranslator\GlfwKeyMap.hpp">
      <Filter>Header Files</Filter>
    </ClInclude>
    <ClInclude Include="src\Interstellar\Input\Manager\GlfwInputManager.hpp">
      <Filter>Header Files</Filter>
    </ClInclude>
    <ClInclude Include="src\Interstellar\Input\Mouse\GlfwMouseManager.hpp">
      <Filter>Header Files</Filter>
    </ClInclude>
    <ClInclude Include="src\Interstellar\Input\InternalInputManager.hpp">
      <Filter>Header Files</Filter>
    </ClInclude>
  </ItemGroup>
  <ItemGroup>
    <ClCompile Include="include\Interstellar\Config\Storage\FileSystem.cpp">
      <Filter>Source Files</Filter>
    </ClCompile>
    <ClCompile Include="src\Interstellar\Config\JsonImpl\ElementConfig.cpp">
      <Filter>Source Files</Filter>
    </ClCompile>
    <ClCompile Include="src\Interstellar\Config\JsonImpl\ElementDatabase.cpp">
      <Filter>Source Files</Filter>
    </ClCompile>
    <ClCompile Include="src\Interstellar\Core\AppConfig.cpp">
      <Filter>Source Files</Filter>
    </ClCompile>
    <ClCompile Include="src\Interstellar\Core\Logging.cpp">
      <Filter>Source Files</Filter>
    </ClCompile>
    <ClCompile Include="src\Interstellar\Graphics\OpenGL\OpenGLGraphics.cpp">
      <Filter>Source Files</Filter>
    </ClCompile>
    <ClCompile Include="src\Interstellar\Graphics\OpenGL\OpenGLMesh.cpp">
      <Filter>Source Files</Filter>
    </ClCompile>
    <ClCompile Include="src\Interstellar\Graphics\OpenGL\OpenGLPipeline.cpp">
      <Filter>Source Files</Filter>
    </ClCompile>
    <ClCompile Include="src\Interstellar\Graphics\OpenGL\OpenGLShader.cpp">
      <Filter>Source Files</Filter>
    </ClCompile>
    <ClCompile Include="src\Interstellar\Graphics\OpenGL\OpenGLTexture.cpp">
      <Filter>Source Files</Filter>
    </ClCompile>
    <ClCompile Include="src\Interstellar\Graphics\OpenGL\stb\stb_image.cpp">
      <Filter>Source Files</Filter>
    </ClCompile>
    <ClCompile Include="src\Interstellar\Input\Keyboard\KeyboardManager.cpp">
      <Filter>Source Files</Filter>
    </ClCompile>
    <ClCompile Include="src\Interstellar\Input\KeyCodeTranslator\GlfwKeyMap.cpp">
      <Filter>Source Files</Filter>
    </ClCompile>
    <ClCompile Include="src\Interstellar\Input\Manager\GlfwInputManager.cpp">
      <Filter>Source Files</Filter>
    </ClCompile>
    <ClCompile Include="src\Interstellar\Input\Mouse\GlfwMouseManager.cpp">
      <Filter>Source Files</Filter>
    </ClCompile>
    <ClCompile Include="src\Interstellar\Graphics\Vulkan\VulkanInstance.cpp">
      <Filter>Source Files</Filter>
    </ClCompile>
  </ItemGroup>
</Project>